
Microsoft Visual Studio Solution File, Format Version 12.00
# Visual Studio Version 17
VisualStudioVersion = 17.8.34330.188
MinimumVisualStudioVersion = 10.0.40219.1
Project("{FAE04EC0-301F-11D3-BF4B-00C04F79EFBC}") = "AdvancedMinecraftLauncher", "AdvancedMinecraftLauncher.csproj", "{A999EADB-46D8-4A4B-AD3C-6CA3A40DBFE8}"
EndProject
Global
	GlobalSection(SolutionConfigurationPlatforms) = preSolution
		Debug|Any CPU = Debug|Any CPU
		Release|Any CPU = Release|Any CPU
	EndGlobalSection
	GlobalSection(ProjectConfigurationPlatforms) = postSolution
		{A999EADB-46D8-4A4B-AD3C-6CA3A40DBFE8}.Debug|Any CPU.ActiveCfg = Debug|Any CPU
		{A999EADB-46D8-4A4B-AD3C-6CA3A40DBFE8}.Debug|Any CPU.Build.0 = Debug|Any CPU
		{A999EADB-46D8-4A4B-AD3C-6CA3A40DBFE8}.Release|Any CPU.ActiveCfg = Release|Any CPU
		{A999EADB-46D8-4A4B-AD3C-6CA3A40DBFE8}.Release|Any CPU.Build.0 = Release|Any CPU
	EndGlobalSection
	GlobalSection(SolutionProperties) = preSolution
		HideSolutionNode = FALSE
	EndGlobalSection
	GlobalSection(ExtensibilityGlobals) = postSolution
		SolutionGuid = {D7C3E9B2-B854-40CE-9E09-974D8FA3D653}
	EndGlobalSection
EndGlobal
